// !$*UTF8*$!
{
	archiveVersion = 1;
	classes = {
	};
	objectVersion = 77;
	objects = {

/* Begin PBXBuildFile section */
		005D1DC702AA3AEEC40B2382 /* Literata-LightItalic.ttf in Resources */ = {isa = PBXBuildFile; fileRef = 4F7306FD441954B0745C6EBE /* Literata-LightItalic.ttf */; };
		07227F57D2B3CA7D72F203B2 /* AgentRegistry.swift in Sources */ = {isa = PBXBuildFile; fileRef = C66C8A462F2AB43A087C8F61 /* AgentRegistry.swift */; };
		1B65214D07582353023417DB /* AppDelegate.swift in Sources */ = {isa = PBXBuildFile; fileRef = 2844EF72D43E9ECB9737C89C /* AppDelegate.swift */; };
		2D93684116B6CCB8EB68AFF2 /* Cinzel-Regular.ttf in Resources */ = {isa = PBXBuildFile; fileRef = 0E4F7F87BF716402C9E98251 /* Cinzel-Regular.ttf */; };
		2DA193F4339A3D0F77120B9D /* ResiduumApp.swift in Sources */ = {isa = PBXBuildFile; fileRef = 68AA44737EB020838B730AF7 /* ResiduumApp.swift */; };
		409390F7DCDC48E01FD4DD6D /* AgentStore.swift in Sources */ = {isa = PBXBuildFile; fileRef = A461CBC2F33DC2820EB500D1 /* AgentStore.swift */; };
		4500D5A8EF5C5DEBA482C210 /* ThinkingIndicator.swift in Sources */ = {isa = PBXBuildFile; fileRef = BC5B1C2CE6C1D21D28E970F7 /* ThinkingIndicator.swift */; };
		65E62172099E515000148BC5 /* Assets.xcassets in Resources */ = {isa = PBXBuildFile; fileRef = 5F065348BA40F53FA359FA1F /* Assets.xcassets */; };
		6789DBE10AC8CE028D2EAA7B /* JetBrainsMono-Regular.ttf in Resources */ = {isa = PBXBuildFile; fileRef = 329C1A99BF1BA06BCEA22458 /* JetBrainsMono-Regular.ttf */; };
		693759EE80D00453F52B9296 /* ResiduumConnection.swift in Sources */ = {isa = PBXBuildFile; fileRef = 266852ADCA8EA93040637586 /* ResiduumConnection.swift */; };
		848245E21B40BDDA2FCB4ACF /* Message.swift in Sources */ = {isa = PBXBuildFile; fileRef = A3E228589A7FD1FE0D2B4058 /* Message.swift */; };
		986E7882595930DCE1F5E6CF /* Cinzel-SemiBold.ttf in Resources */ = {isa = PBXBuildFile; fileRef = DC6C2DFB4459F480A62B063D /* Cinzel-SemiBold.ttf */; };
		A0EE4FF8D09228F0E2322FFA /* AgentTab.swift in Sources */ = {isa = PBXBuildFile; fileRef = 08CFDCA30B1C655D75C37AE3 /* AgentTab.swift */; };
		A10687474CA25C6B681511C1 /* ProtocolTests.swift in Sources */ = {isa = PBXBuildFile; fileRef = FC84971571E3759D397D192B /* ProtocolTests.swift */; };
		A757D77CF17982F5DC47EA50 /* PopoverView.swift in Sources */ = {isa = PBXBuildFile; fileRef = 9B4114421F3434D89FAF5CC8 /* PopoverView.swift */; };
		B40C97317E76F3122F7603F9 /* AgentRegistryTests.swift in Sources */ = {isa = PBXBuildFile; fileRef = 421C7D244DC80E9349BF618B /* AgentRegistryTests.swift */; };
		B59BA39356CD12BF84EA6341 /* Literata-Light.ttf in Resources */ = {isa = PBXBuildFile; fileRef = 8C04367D86857F1D3CC89F97 /* Literata-Light.ttf */; };
		BB1EA9EB162846F1DD444645 /* Protocol.swift in Sources */ = {isa = PBXBuildFile; fileRef = 766FA7137D8651AABF3B0DD2 /* Protocol.swift */; };
		E008B26E08B018B220230576 /* Style.swift in Sources */ = {isa = PBXBuildFile; fileRef = 467DD2EB29A718F5B2B85C8B /* Style.swift */; };
/* End PBXBuildFile section */

/* Begin PBXContainerItemProxy section */
		BA1F5870A7C0A362D345164F /* PBXContainerItemProxy */ = {
			isa = PBXContainerItemProxy;
			containerPortal = DE6797FC1F763900AF190540 /* Project object */;
			proxyType = 1;
			remoteGlobalIDString = D5702FADB4382CAC8900181C;
			remoteInfo = Residuum;
		};
/* End PBXContainerItemProxy section */

/* Begin PBXFileReference section */
		08CFDCA30B1C655D75C37AE3 /* AgentTab.swift */ = {isa = PBXFileReference; lastKnownFileType = sourcecode.swift; path = AgentTab.swift; sourceTree = "<group>"; };
		0E4F7F87BF716402C9E98251 /* Cinzel-Regular.ttf */ = {isa = PBXFileReference; lastKnownFileType = file; path = "Cinzel-Regular.ttf"; sourceTree = "<group>"; };
		1BC5925CE34C9891AAD6FB97 /* ResiduumTests.xctest */ = {isa = PBXFileReference; explicitFileType = wrapper.cfbundle; includeInIndex = 0; path = ResiduumTests.xctest; sourceTree = BUILT_PRODUCTS_DIR; };
		266852ADCA8EA93040637586 /* ResiduumConnection.swift */ = {isa = PBXFileReference; lastKnownFileType = sourcecode.swift; path = ResiduumConnection.swift; sourceTree = "<group>"; };
		2844EF72D43E9ECB9737C89C /* AppDelegate.swift */ = {isa = PBXFileReference; lastKnownFileType = sourcecode.swift; path = AppDelegate.swift; sourceTree = "<group>"; };
		329C1A99BF1BA06BCEA22458 /* JetBrainsMono-Regular.ttf */ = {isa = PBXFileReference; lastKnownFileType = file; path = "JetBrainsMono-Regular.ttf"; sourceTree = "<group>"; };
		421C7D244DC80E9349BF618B /* AgentRegistryTests.swift */ = {isa = PBXFileReference; lastKnownFileType = sourcecode.swift; path = AgentRegistryTests.swift; sourceTree = "<group>"; };
		4501F92FA46CC987C16F5CEE /* Residuum.app */ = {isa = PBXFileReference; explicitFileType = wrapper.application; includeInIndex = 0; path = Residuum.app; sourceTree = BUILT_PRODUCTS_DIR; };
		467DD2EB29A718F5B2B85C8B /* Style.swift */ = {isa = PBXFileReference; lastKnownFileType = sourcecode.swift; path = Style.swift; sourceTree = "<group>"; };
		4F7306FD441954B0745C6EBE /* Literata-LightItalic.ttf */ = {isa = PBXFileReference; lastKnownFileType = file; path = "Literata-LightItalic.ttf"; sourceTree = "<group>"; };
		5F065348BA40F53FA359FA1F /* Assets.xcassets */ = {isa = PBXFileReference; lastKnownFileType = folder.assetcatalog; path = Assets.xcassets; sourceTree = "<group>"; };
		68AA44737EB020838B730AF7 /* ResiduumApp.swift */ = {isa = PBXFileReference; lastKnownFileType = sourcecode.swift; path = ResiduumApp.swift; sourceTree = "<group>"; };
		766FA7137D8651AABF3B0DD2 /* Protocol.swift */ = {isa = PBXFileReference; lastKnownFileType = sourcecode.swift; path = Protocol.swift; sourceTree = "<group>"; };
		8C04367D86857F1D3CC89F97 /* Literata-Light.ttf */ = {isa = PBXFileReference; lastKnownFileType = file; path = "Literata-Light.ttf"; sourceTree = "<group>"; };
		9B4114421F3434D89FAF5CC8 /* PopoverView.swift */ = {isa = PBXFileReference; lastKnownFileType = sourcecode.swift; path = PopoverView.swift; sourceTree = "<group>"; };
		A3E228589A7FD1FE0D2B4058 /* Message.swift */ = {isa = PBXFileReference; lastKnownFileType = sourcecode.swift; path = Message.swift; sourceTree = "<group>"; };
		A461CBC2F33DC2820EB500D1 /* AgentStore.swift */ = {isa = PBXFileReference; lastKnownFileType = sourcecode.swift; path = AgentStore.swift; sourceTree = "<group>"; };
		BC5B1C2CE6C1D21D28E970F7 /* ThinkingIndicator.swift */ = {isa = PBXFileReference; lastKnownFileType = sourcecode.swift; path = ThinkingIndicator.swift; sourceTree = "<group>"; };
		BD0F4BBDF133F472F1DE7B4F /* Info.plist */ = {isa = PBXFileReference; lastKnownFileType = text.plist; path = Info.plist; sourceTree = "<group>"; };
		C66C8A462F2AB43A087C8F61 /* AgentRegistry.swift */ = {isa = PBXFileReference; lastKnownFileType = sourcecode.swift; path = AgentRegistry.swift; sourceTree = "<group>"; };
		DC6C2DFB4459F480A62B063D /* Cinzel-SemiBold.ttf */ = {isa = PBXFileReference; lastKnownFileType = file; path = "Cinzel-SemiBold.ttf"; sourceTree = "<group>"; };
		FC84971571E3759D397D192B /* ProtocolTests.swift */ = {isa = PBXFileReference; lastKnownFileType = sourcecode.swift; path = ProtocolTests.swift; sourceTree = "<group>"; };
/* End PBXFileReference section */

/* Begin PBXGroup section */
		01FCAD8DD478CB5F6D5E5493 /* Agents */ = {
			isa = PBXGroup;
			children = (
				C66C8A462F2AB43A087C8F61 /* AgentRegistry.swift */,
				A461CBC2F33DC2820EB500D1 /* AgentStore.swift */,
				08CFDCA30B1C655D75C37AE3 /* AgentTab.swift */,
				A3E228589A7FD1FE0D2B4058 /* Message.swift */,
			);
			path = Agents;
			sourceTree = "<group>";
		};
		08C7A01E09A5E2D076E6C489 /* Products */ = {
			isa = PBXGroup;
			children = (
				4501F92FA46CC987C16F5CEE /* Residuum.app */,
				1BC5925CE34C9891AAD6FB97 /* ResiduumTests.xctest */,
			);
			name = Products;
			sourceTree = "<group>";
		};
		1A82258B6B1CD1DB4C337F88 /* Resources */ = {
			isa = PBXGroup;
			children = (
				5F065348BA40F53FA359FA1F /* Assets.xcassets */,
				4B4C17B3AA730F3BBE184D8A /* Fonts */,
			);
			path = Resources;
			sourceTree = "<group>";
		};
		352698012770111CA483031A /* Connection */ = {
			isa = PBXGroup;
			children = (
				766FA7137D8651AABF3B0DD2 /* Protocol.swift */,
				266852ADCA8EA93040637586 /* ResiduumConnection.swift */,
			);
			path = Connection;
			sourceTree = "<group>";
		};
		47F699344B2B677E0A1F5FD2 /* ResiduumTests */ = {
			isa = PBXGroup;
			children = (
				421C7D244DC80E9349BF618B /* AgentRegistryTests.swift */,
				FC84971571E3759D397D192B /* ProtocolTests.swift */,
			);
			path = ResiduumTests;
			sourceTree = "<group>";
		};
		4B4C17B3AA730F3BBE184D8A /* Fonts */ = {
			isa = PBXGroup;
			children = (
				0E4F7F87BF716402C9E98251 /* Cinzel-Regular.ttf */,
				DC6C2DFB4459F480A62B063D /* Cinzel-SemiBold.ttf */,
				329C1A99BF1BA06BCEA22458 /* JetBrainsMono-Regular.ttf */,
				8C04367D86857F1D3CC89F97 /* Literata-Light.ttf */,
				4F7306FD441954B0745C6EBE /* Literata-LightItalic.ttf */,
			);
			path = Fonts;
			sourceTree = "<group>";
		};
		A63398BE87544AB30AA3A6DD /* Residuum */ = {
			isa = PBXGroup;
			children = (
				BD0F4BBDF133F472F1DE7B4F /* Info.plist */,
				01FCAD8DD478CB5F6D5E5493 /* Agents */,
				CE9ECCA35117C108D3372363 /* App */,
				352698012770111CA483031A /* Connection */,
				1A82258B6B1CD1DB4C337F88 /* Resources */,
				E014B5D04BDB3A822FB9624E /* Views */,
			);
			path = Residuum;
			sourceTree = "<group>";
		};
		AA243B477EA9EBF39DAE74E0 = {
			isa = PBXGroup;
			children = (
				A63398BE87544AB30AA3A6DD /* Residuum */,
				47F699344B2B677E0A1F5FD2 /* ResiduumTests */,
				08C7A01E09A5E2D076E6C489 /* Products */,
			);
			sourceTree = "<group>";
		};
		CE9ECCA35117C108D3372363 /* App */ = {
			isa = PBXGroup;
			children = (
				2844EF72D43E9ECB9737C89C /* AppDelegate.swift */,
				68AA44737EB020838B730AF7 /* ResiduumApp.swift */,
			);
			path = App;
			sourceTree = "<group>";
		};
		E014B5D04BDB3A822FB9624E /* Views */ = {
			isa = PBXGroup;
			children = (
				9B4114421F3434D89FAF5CC8 /* PopoverView.swift */,
				467DD2EB29A718F5B2B85C8B /* Style.swift */,
				BC5B1C2CE6C1D21D28E970F7 /* ThinkingIndicator.swift */,
			);
			path = Views;
			sourceTree = "<group>";
		};
/* End PBXGroup section */

/* Begin PBXNativeTarget section */
		93042758F0D04B8A913FF599 /* ResiduumTests */ = {
			isa = PBXNativeTarget;
			buildConfigurationList = B6E132F473840F6122D74DA4 /* Build configuration list for PBXNativeTarget "ResiduumTests" */;
			buildPhases = (
				D6DEA6C3B98C906E0B64C3CB /* Sources */,
			);
			buildRules = (
			);
			dependencies = (
				F37894DB4F0F8BEEEBC4CE16 /* PBXTargetDependency */,
			);
			name = ResiduumTests;
			packageProductDependencies = (
			);
			productName = ResiduumTests;
			productReference = 1BC5925CE34C9891AAD6FB97 /* ResiduumTests.xctest */;
			productType = "com.apple.product-type.bundle.unit-test";
		};
		D5702FADB4382CAC8900181C /* Residuum */ = {
			isa = PBXNativeTarget;
			buildConfigurationList = D94FE285BCDD5CE3F94D631F /* Build configuration list for PBXNativeTarget "Residuum" */;
			buildPhases = (
				C71B9A6617A6306708552C34 /* Sources */,
				0CE068727778532432D3F194 /* Resources */,
			);
			buildRules = (
			);
			dependencies = (
			);
			name = Residuum;
			packageProductDependencies = (
			);
			productName = Residuum;
			productReference = 4501F92FA46CC987C16F5CEE /* Residuum.app */;
			productType = "com.apple.product-type.application";
		};
/* End PBXNativeTarget section */

/* Begin PBXProject section */
		DE6797FC1F763900AF190540 /* Project object */ = {
			isa = PBXProject;
			attributes = {
				BuildIndependentTargetsInParallel = YES;
				LastUpgradeCheck = 2600;
				TargetAttributes = {
				};
			};
			buildConfigurationList = 3213359EA8C1396C17685E34 /* Build configuration list for PBXProject "Residuum" */;
			developmentRegion = en;
			hasScannedForEncodings = 0;
			knownRegions = (
				Base,
				en,
			);
			mainGroup = AA243B477EA9EBF39DAE74E0;
			minimizedProjectReferenceProxies = 1;
			preferredProjectObjectVersion = 77;
			productRefGroup = 08C7A01E09A5E2D076E6C489 /* Products */;
			projectDirPath = "";
			projectRoot = "";
			targets = (
				D5702FADB4382CAC8900181C /* Residuum */,
				93042758F0D04B8A913FF599 /* ResiduumTests */,
			);
		};
/* End PBXProject section */

/* Begin PBXResourcesBuildPhase section */
		0CE068727778532432D3F194 /* Resources */ = {
			isa = PBXResourcesBuildPhase;
			buildActionMask = 2147483647;
			files = (
				65E62172099E515000148BC5 /* Assets.xcassets in Resources */,
				2D93684116B6CCB8EB68AFF2 /* Cinzel-Regular.ttf in Resources */,
				986E7882595930DCE1F5E6CF /* Cinzel-SemiBold.ttf in Resources */,
				6789DBE10AC8CE028D2EAA7B /* JetBrainsMono-Regular.ttf in Resources */,
				B59BA39356CD12BF84EA6341 /* Literata-Light.ttf in Resources */,
				005D1DC702AA3AEEC40B2382 /* Literata-LightItalic.ttf in Resources */,
			);
			runOnlyForDeploymentPostprocessing = 0;
		};
/* End PBXResourcesBuildPhase section */

/* Begin PBXSourcesBuildPhase section */
		C71B9A6617A6306708552C34 /* Sources */ = {
			isa = PBXSourcesBuildPhase;
			buildActionMask = 2147483647;
			files = (
				07227F57D2B3CA7D72F203B2 /* AgentRegistry.swift in Sources */,
				409390F7DCDC48E01FD4DD6D /* AgentStore.swift in Sources */,
				A0EE4FF8D09228F0E2322FFA /* AgentTab.swift in Sources */,
				1B65214D07582353023417DB /* AppDelegate.swift in Sources */,
				848245E21B40BDDA2FCB4ACF /* Message.swift in Sources */,
				A757D77CF17982F5DC47EA50 /* PopoverView.swift in Sources */,
				BB1EA9EB162846F1DD444645 /* Protocol.swift in Sources */,
				2DA193F4339A3D0F77120B9D /* ResiduumApp.swift in Sources */,
				693759EE80D00453F52B9296 /* ResiduumConnection.swift in Sources */,
				E008B26E08B018B220230576 /* Style.swift in Sources */,
				4500D5A8EF5C5DEBA482C210 /* ThinkingIndicator.swift in Sources */,
			);
			runOnlyForDeploymentPostprocessing = 0;
		};
		D6DEA6C3B98C906E0B64C3CB /* Sources */ = {
			isa = PBXSourcesBuildPhase;
			buildActionMask = 2147483647;
			files = (
				B40C97317E76F3122F7603F9 /* AgentRegistryTests.swift in Sources */,
				A10687474CA25C6B681511C1 /* ProtocolTests.swift in Sources */,
			);
			runOnlyForDeploymentPostprocessing = 0;
		};
/* End PBXSourcesBuildPhase section */

/* Begin PBXTargetDependency section */
		F37894DB4F0F8BEEEBC4CE16 /* PBXTargetDependency */ = {
			isa = PBXTargetDependency;
			target = D5702FADB4382CAC8900181C /* Residuum */;
			targetProxy = BA1F5870A7C0A362D345164F /* PBXContainerItemProxy */;
		};
/* End PBXTargetDependency section */

/* Begin XCBuildConfiguration section */
		12A2CFBA6CEFD59404428BC8 /* Debug */ = {
			isa = XCBuildConfiguration;
			buildSettings = {
				ALWAYS_SEARCH_USER_PATHS = NO;
				CLANG_ANALYZER_NONNULL = YES;
				CLANG_ANALYZER_NUMBER_OBJECT_CONVERSION = YES_AGGRESSIVE;
				CLANG_CXX_LANGUAGE_STANDARD = "gnu++14";
				CLANG_CXX_LIBRARY = "libc++";
				CLANG_ENABLE_MODULES = YES;
				CLANG_ENABLE_OBJC_ARC = YES;
				CLANG_ENABLE_OBJC_WEAK = YES;
				CLANG_WARN_BLOCK_CAPTURE_AUTORELEASING = YES;
				CLANG_WARN_BOOL_CONVERSION = YES;
				CLANG_WARN_COMMA = YES;
				CLANG_WARN_CONSTANT_CONVERSION = YES;
				CLANG_WARN_DEPRECATED_OBJC_IMPLEMENTATIONS = YES;
				CLANG_WARN_DIRECT_OBJC_ISA_USAGE = YES_ERROR;
				CLANG_WARN_DOCUMENTATION_COMMENTS = YES;
				CLANG_WARN_EMPTY_BODY = YES;
				CLANG_WARN_ENUM_CONVERSION = YES;
				CLANG_WARN_INFINITE_RECURSION = YES;
				CLANG_WARN_INT_CONVERSION = YES;
				CLANG_WARN_NON_LITERAL_NULL_CONVERSION = YES;
				CLANG_WARN_OBJC_IMPLICIT_RETAIN_SELF = YES;
				CLANG_WARN_OBJC_LITERAL_CONVERSION = YES;
				CLANG_WARN_OBJC_ROOT_CLASS = YES_ERROR;
				CLANG_WARN_QUOTED_INCLUDE_IN_FRAMEWORK_HEADER = YES;
				CLANG_WARN_RANGE_LOOP_ANALYSIS = YES;
				CLANG_WARN_STRICT_PROTOTYPES = YES;
				CLANG_WARN_SUSPICIOUS_MOVE = YES;
				CLANG_WARN_UNGUARDED_AVAILABILITY = YES_AGGRESSIVE;
				CLANG_WARN_UNREACHABLE_CODE = YES;
				CLANG_WARN__DUPLICATE_METHOD_MATCH = YES;
				COPY_PHASE_STRIP = NO;
				DEBUG_INFORMATION_FORMAT = dwarf;
				ENABLE_STRICT_OBJC_MSGSEND = YES;
				ENABLE_TESTABILITY = YES;
				GCC_C_LANGUAGE_STANDARD = gnu11;
				GCC_DYNAMIC_NO_PIC = NO;
				GCC_NO_COMMON_BLOCKS = YES;
				GCC_OPTIMIZATION_LEVEL = 0;
				GCC_PREPROCESSOR_DEFINITIONS = (
					"$(inherited)",
					"DEBUG=1",
				);
				GCC_WARN_64_TO_32_BIT_CONVERSION = YES;
				GCC_WARN_ABOUT_RETURN_TYPE = YES_ERROR;
				GCC_WARN_UNDECLARED_SELECTOR = YES;
				GCC_WARN_UNINITIALIZED_AUTOS = YES_AGGRESSIVE;
				GCC_WARN_UNUSED_FUNCTION = YES;
				GCC_WARN_UNUSED_VARIABLE = YES;
				MACOSX_DEPLOYMENT_TARGET = 14.0;
				MTL_ENABLE_DEBUG_INFO = INCLUDE_SOURCE;
				MTL_FAST_MATH = YES;
				ONLY_ACTIVE_ARCH = YES;
				PRODUCT_NAME = "$(TARGET_NAME)";
				SDKROOT = macosx;
				SWIFT_ACTIVE_COMPILATION_CONDITIONS = DEBUG;
				SWIFT_OPTIMIZATION_LEVEL = "-Onone";
				SWIFT_VERSION = 5.0;
			};
			name = Debug;
		};
		25194091AB4C91CB0A488DFF /* Release */ = {
			isa = XCBuildConfiguration;
			buildSettings = {
				ASSETCATALOG_COMPILER_APPICON_NAME = AppIcon;
				COMBINE_HIDPI_IMAGES = YES;
				CURRENT_PROJECT_VERSION = 1;
				ENABLE_APP_SANDBOX = NO;
				INFOPLIST_FILE = Residuum/Info.plist;
				LD_RUNPATH_SEARCH_PATHS = (
					"$(inherited)",
					"@executable_path/../Frameworks",
				);
				MARKETING_VERSION = 1.0.0;
				PRODUCT_BUNDLE_IDENTIFIER = "com.grizzly-endeavors.residuum-mac";
				SDKROOT = macosx;
				SWIFT_VERSION = 5.9;
			};
			name = Release;
		};
		584867B268ED1A1FD0B16C44 /* Debug */ = {
			isa = XCBuildConfiguration;
			buildSettings = {
				ASSETCATALOG_COMPILER_APPICON_NAME = AppIcon;
				COMBINE_HIDPI_IMAGES = YES;
				CURRENT_PROJECT_VERSION = 1;
				ENABLE_APP_SANDBOX = NO;
				INFOPLIST_FILE = Residuum/Info.plist;
				LD_RUNPATH_SEARCH_PATHS = (
					"$(inherited)",
					"@executable_path/../Frameworks",
				);
				MARKETING_VERSION = 1.0.0;
				PRODUCT_BUNDLE_IDENTIFIER = "com.grizzly-endeavors.residuum-mac";
				SDKROOT = macosx;
				SWIFT_VERSION = 5.9;
			};
			name = Debug;
		};
		78ACE195378E8345FE219363 /* Release */ = {
			isa = XCBuildConfiguration;
			buildSettings = {
				ALWAYS_SEARCH_USER_PATHS = NO;
				CLANG_ANALYZER_NONNULL = YES;
				CLANG_ANALYZER_NUMBER_OBJECT_CONVERSION = YES_AGGRESSIVE;
				CLANG_CXX_LANGUAGE_STANDARD = "gnu++14";
				CLANG_CXX_LIBRARY = "libc++";
				CLANG_ENABLE_MODULES = YES;
				CLANG_ENABLE_OBJC_ARC = YES;
				CLANG_ENABLE_OBJC_WEAK = YES;
				CLANG_WARN_BLOCK_CAPTURE_AUTORELEASING = YES;
				CLANG_WARN_BOOL_CONVERSION = YES;
				CLANG_WARN_COMMA = YES;
				CLANG_WARN_CONSTANT_CONVERSION = YES;
				CLANG_WARN_DEPRECATED_OBJC_IMPLEMENTATIONS = YES;
				CLANG_WARN_DIRECT_OBJC_ISA_USAGE = YES_ERROR;
				CLANG_WARN_DOCUMENTATION_COMMENTS = YES;
				CLANG_WARN_EMPTY_BODY = YES;
				CLANG_WARN_ENUM_CONVERSION = YES;
				CLANG_WARN_INFINITE_RECURSION = YES;
				CLANG_WARN_INT_CONVERSION = YES;
				CLANG_WARN_NON_LITERAL_NULL_CONVERSION = YES;
				CLANG_WARN_OBJC_IMPLICIT_RETAIN_SELF = YES;
				CLANG_WARN_OBJC_LITERAL_CONVERSION = YES;
				CLANG_WARN_OBJC_ROOT_CLASS = YES_ERROR;
				CLANG_WARN_QUOTED_INCLUDE_IN_FRAMEWORK_HEADER = YES;
				CLANG_WARN_RANGE_LOOP_ANALYSIS = YES;
				CLANG_WARN_STRICT_PROTOTYPES = YES;
				CLANG_WARN_SUSPICIOUS_MOVE = YES;
				CLANG_WARN_UNGUARDED_AVAILABILITY = YES_AGGRESSIVE;
				CLANG_WARN_UNREACHABLE_CODE = YES;
				CLANG_WARN__DUPLICATE_METHOD_MATCH = YES;
				COPY_PHASE_STRIP = NO;
				DEBUG_INFORMATION_FORMAT = "dwarf-with-dsym";
				ENABLE_NS_ASSERTIONS = NO;
				ENABLE_STRICT_OBJC_MSGSEND = YES;
				GCC_C_LANGUAGE_STANDARD = gnu11;
				GCC_NO_COMMON_BLOCKS = YES;
				GCC_WARN_64_TO_32_BIT_CONVERSION = YES;
				GCC_WARN_ABOUT_RETURN_TYPE = YES_ERROR;
				GCC_WARN_UNDECLARED_SELECTOR = YES;
				GCC_WARN_UNINITIALIZED_AUTOS = YES_AGGRESSIVE;
				GCC_WARN_UNUSED_FUNCTION = YES;
				GCC_WARN_UNUSED_VARIABLE = YES;
				MACOSX_DEPLOYMENT_TARGET = 14.0;
				MTL_ENABLE_DEBUG_INFO = NO;
				MTL_FAST_MATH = YES;
				PRODUCT_NAME = "$(TARGET_NAME)";
				SDKROOT = macosx;
				SWIFT_COMPILATION_MODE = wholemodule;
				SWIFT_OPTIMIZATION_LEVEL = "-O";
				SWIFT_VERSION = 5.0;
			};
			name = Release;
		};
		931B6B7C98552C1E93A5E062 /* Debug */ = {
			isa = XCBuildConfiguration;
			buildSettings = {
				BUNDLE_LOADER = "$(TEST_HOST)";
				COMBINE_HIDPI_IMAGES = YES;
				GENERATE_INFOPLIST_FILE = YES;
				LD_RUNPATH_SEARCH_PATHS = (
					"$(inherited)",
					"@executable_path/../Frameworks",
					"@loader_path/../Frameworks",
				);
				PRODUCT_BUNDLE_IDENTIFIER = "com.grizzly-endeavors.ResiduumTests";
				SDKROOT = macosx;
				SWIFT_VERSION = 5.9;
				TEST_HOST = "$(BUILT_PRODUCTS_DIR)/Residuum.app/Contents/MacOS/Residuum";
			};
			name = Debug;
		};
		FC74FC935AE054053944006C /* Release */ = {
			isa = XCBuildConfiguration;
			buildSettings = {
				BUNDLE_LOADER = "$(TEST_HOST)";
				COMBINE_HIDPI_IMAGES = YES;
				GENERATE_INFOPLIST_FILE = YES;
				LD_RUNPATH_SEARCH_PATHS = (
					"$(inherited)",
					"@executable_path/../Frameworks",
					"@loader_path/../Frameworks",
				);
				PRODUCT_BUNDLE_IDENTIFIER = "com.grizzly-endeavors.ResiduumTests";
				SDKROOT = macosx;
				SWIFT_VERSION = 5.9;
				TEST_HOST = "$(BUILT_PRODUCTS_DIR)/Residuum.app/Contents/MacOS/Residuum";
			};
			name = Release;
		};
/* End XCBuildConfiguration section */

/* Begin XCConfigurationList section */
		3213359EA8C1396C17685E34 /* Build configuration list for PBXProject "Residuum" */ = {
			isa = XCConfigurationList;
			buildConfigurations = (
				12A2CFBA6CEFD59404428BC8 /* Debug */,
				78ACE195378E8345FE219363 /* Release */,
			);
			defaultConfigurationIsVisible = 0;
			defaultConfigurationName = Debug;
		};
		B6E132F473840F6122D74DA4 /* Build configuration list for PBXNativeTarget "ResiduumTests" */ = {
			isa = XCConfigurationList;
			buildConfigurations = (
				931B6B7C98552C1E93A5E062 /* Debug */,
				FC74FC935AE054053944006C /* Release */,
			);
			defaultConfigurationIsVisible = 0;
			defaultConfigurationName = Debug;
		};
		D94FE285BCDD5CE3F94D631F /* Build configuration list for PBXNativeTarget "Residuum" */ = {
			isa = XCConfigurationList;
			buildConfigurations = (
				584867B268ED1A1FD0B16C44 /* Debug */,
				25194091AB4C91CB0A488DFF /* Release */,
			);
			defaultConfigurationIsVisible = 0;
			defaultConfigurationName = Debug;
		};
/* End XCConfigurationList section */
	};
	rootObject = DE6797FC1F763900AF190540 /* Project object */;
}
